
Microsoft Visual Studio Solution File, Format Version 12.00
# Visual Studio Version 16
VisualStudioVersion = 25.0.1704.0
MinimumVisualStudioVersion = 10.0.40219.1
Project("{2150E333-8FDC-42A3-9474-1A3956D46DE8}") = "Solution Items", "Solution Items", "{41E8F338-3732-41F8-AEBB-7BA7873AE8E0}"
	ProjectSection(SolutionItems) = preProject
		.gitignore = .gitignore
	EndProjectSection
EndProject
Project("{FAE04EC0-301F-11D3-BF4B-00C04F79EFBC}") = "day2", "day2\day2.csproj", "{493F30D9-123F-4D17-8385-D74B048FEAB9}"
EndProject
Project("{FAE04EC0-301F-11D3-BF4B-00C04F79EFBC}") = "day1", "day1\day1.csproj", "{2D10F15D-B804-4779-BD25-4772A567C7B9}"
EndProject
Project("{FAE04EC0-301F-11D3-BF4B-00C04F79EFBC}") = "day3", "day3\day3.csproj", "{2A990E2D-A7B0-4F76-9FB1-D318CBD42519}"
EndProject
Project("{FAE04EC0-301F-11D3-BF4B-00C04F79EFBC}") = "day4", "day4\day4.csproj", "{D446C316-D6C4-44FE-81D3-0C1BD5B5BC49}"
EndProject
Project("{FAE04EC0-301F-11D3-BF4B-00C04F79EFBC}") = "day5", "day5\day5.csproj", "{DC2BBCC9-1317-4759-A92C-80C67345E6C6}"
EndProject
Project("{FAE04EC0-301F-11D3-BF4B-00C04F79EFBC}") = "day6", "day6\day6.csproj", "{D3220B52-01F5-4C5E-BF01-BC743A12B61C}"
EndProject
Global
	GlobalSection(SolutionConfigurationPlatforms) = preSolution
		Debug|Any CPU = Debug|Any CPU
		Release|Any CPU = Release|Any CPU
	EndGlobalSection
	GlobalSection(ProjectConfigurationPlatforms) = postSolution
		{493F30D9-123F-4D17-8385-D74B048FEAB9}.Debug|Any CPU.ActiveCfg = Debug|Any CPU
		{493F30D9-123F-4D17-8385-D74B048FEAB9}.Debug|Any CPU.Build.0 = Debug|Any CPU
		{493F30D9-123F-4D17-8385-D74B048FEAB9}.Release|Any CPU.ActiveCfg = Release|Any CPU
		{493F30D9-123F-4D17-8385-D74B048FEAB9}.Release|Any CPU.Build.0 = Release|Any CPU
		{2D10F15D-B804-4779-BD25-4772A567C7B9}.Debug|Any CPU.ActiveCfg = Debug|Any CPU
		{2D10F15D-B804-4779-BD25-4772A567C7B9}.Debug|Any CPU.Build.0 = Debug|Any CPU
		{2D10F15D-B804-4779-BD25-4772A567C7B9}.Release|Any CPU.ActiveCfg = Release|Any CPU
		{2D10F15D-B804-4779-BD25-4772A567C7B9}.Release|Any CPU.Build.0 = Release|Any CPU
		{2A990E2D-A7B0-4F76-9FB1-D318CBD42519}.Debug|Any CPU.ActiveCfg = Debug|Any CPU
		{2A990E2D-A7B0-4F76-9FB1-D318CBD42519}.Debug|Any CPU.Build.0 = Debug|Any CPU
		{2A990E2D-A7B0-4F76-9FB1-D318CBD42519}.Release|Any CPU.ActiveCfg = Release|Any CPU
		{2A990E2D-A7B0-4F76-9FB1-D318CBD42519}.Release|Any CPU.Build.0 = Release|Any CPU
		{D446C316-D6C4-44FE-81D3-0C1BD5B5BC49}.Debug|Any CPU.ActiveCfg = Debug|Any CPU
		{D446C316-D6C4-44FE-81D3-0C1BD5B5BC49}.Debug|Any CPU.Build.0 = Debug|Any CPU
		{D446C316-D6C4-44FE-81D3-0C1BD5B5BC49}.Release|Any CPU.ActiveCfg = Release|Any CPU
		{D446C316-D6C4-44FE-81D3-0C1BD5B5BC49}.Release|Any CPU.Build.0 = Release|Any CPU
		{DC2BBCC9-1317-4759-A92C-80C67345E6C6}.Debug|Any CPU.ActiveCfg = Debug|Any CPU
		{DC2BBCC9-1317-4759-A92C-80C67345E6C6}.Debug|Any CPU.Build.0 = Debug|Any CPU
		{DC2BBCC9-1317-4759-A92C-80C67345E6C6}.Release|Any CPU.ActiveCfg = Release|Any CPU
		{DC2BBCC9-1317-4759-A92C-80C67345E6C6}.Release|Any CPU.Build.0 = Release|Any CPU
		{D3220B52-01F5-4C5E-BF01-BC743A12B61C}.Debug|Any CPU.ActiveCfg = Debug|Any CPU
		{D3220B52-01F5-4C5E-BF01-BC743A12B61C}.Debug|Any CPU.Build.0 = Debug|Any CPU
		{D3220B52-01F5-4C5E-BF01-BC743A12B61C}.Release|Any CPU.ActiveCfg = Release|Any CPU
		{D3220B52-01F5-4C5E-BF01-BC743A12B61C}.Release|Any CPU.Build.0 = Release|Any CPU
	EndGlobalSection
	GlobalSection(SolutionProperties) = preSolution
		HideSolutionNode = FALSE
	EndGlobalSection
	GlobalSection(ExtensibilityGlobals) = postSolution
		SolutionGuid = {A4842411-9979-4A7C-82CA-C0BAADC6F793}
	EndGlobalSection
EndGlobal
