
Microsoft Visual Studio Solution File, Format Version 12.00
# Visual Studio Version 16
VisualStudioVersion = 25.0.1704.0
MinimumVisualStudioVersion = 10.0.40219.1
Project("{2150E333-8FDC-42A3-9474-1A3956D46DE8}") = "Solution Items", "Solution Items", "{41E8F338-3732-41F8-AEBB-7BA7873AE8E0}"
	ProjectSection(SolutionItems) = preProject
		.gitignore = .gitignore
	EndProjectSection
EndProject
Project("{FAE04EC0-301F-11D3-BF4B-00C04F79EFBC}") = "day2", "day2\day2.csproj", "{493F30D9-123F-4D17-8385-D74B048FEAB9}"
EndProject
Project("{FAE04EC0-301F-11D3-BF4B-00C04F79EFBC}") = "day1", "day1\day1.csproj", "{2D10F15D-B804-4779-BD25-4772A567C7B9}"
EndProject
Project("{FAE04EC0-301F-11D3-BF4B-00C04F79EFBC}") = "day3", "day3\day3.csproj", "{2A990E2D-A7B0-4F76-9FB1-D318CBD42519}"
EndProject
Project("{FAE04EC0-301F-11D3-BF4B-00C04F79EFBC}") = "day4", "day4\day4.csproj", "{D446C316-D6C4-44FE-81D3-0C1BD5B5BC49}"
EndProject
Project("{FAE04EC0-301F-11D3-BF4B-00C04F79EFBC}") = "day5", "day5\day5.csproj", "{DC2BBCC9-1317-4759-A92C-80C67345E6C6}"
EndProject
Project("{FAE04EC0-301F-11D3-BF4B-00C04F79EFBC}") = "day6", "day6\day6.csproj", "{D3220B52-01F5-4C5E-BF01-BC743A12B61C}"
EndProject
Project("{FAE04EC0-301F-11D3-BF4B-00C04F79EFBC}") = "day7", "day7\day7.csproj", "{C5E93344-3FD7-4FE3-B65D-B99C7A6EE46B}"
EndProject
Project("{FAE04EC0-301F-11D3-BF4B-00C04F79EFBC}") = "day11", "day11\day11.csproj", "{28A04EA0-982F-4C07-A97F-40DF93408E18}"
EndProject
Project("{FAE04EC0-301F-11D3-BF4B-00C04F79EFBC}") = "day10", "day10\day10.csproj", "{103DD7B6-C07C-44A9-A68F-DF007556AFB6}"
EndProject
Project("{FAE04EC0-301F-11D3-BF4B-00C04F79EFBC}") = "day8", "day8\day8.csproj", "{744910BE-7225-4579-8101-FA41713A48D2}"
EndProject
Project("{FAE04EC0-301F-11D3-BF4B-00C04F79EFBC}") = "day9", "day9\day9.csproj", "{CEA1D6B7-C676-421B-8B2E-79E899C01EE1}"
EndProject
Project("{FAE04EC0-301F-11D3-BF4B-00C04F79EFBC}") = "day12", "day12\day12.csproj", "{AA714A53-2B64-4356-9999-4DBE82EEDCAB}"
EndProject
Project("{FAE04EC0-301F-11D3-BF4B-00C04F79EFBC}") = "day13", "day13\day13.csproj", "{C64C8DB9-049F-4C2F-AFAD-7A3CFEB23C12}"
EndProject
Project("{FAE04EC0-301F-11D3-BF4B-00C04F79EFBC}") = "day14", "day14\day14.csproj", "{8FF9E092-71F7-4EAB-B1B0-20A66CCD8E1F}"
EndProject
Project("{FAE04EC0-301F-11D3-BF4B-00C04F79EFBC}") = "day15", "day15\day15.csproj", "{C25A42C6-7A61-4454-B351-2874B72C9EF2}"
EndProject
Global
	GlobalSection(SolutionConfigurationPlatforms) = preSolution
		Debug|Any CPU = Debug|Any CPU
		Release|Any CPU = Release|Any CPU
	EndGlobalSection
	GlobalSection(ProjectConfigurationPlatforms) = postSolution
		{493F30D9-123F-4D17-8385-D74B048FEAB9}.Debug|Any CPU.ActiveCfg = Debug|Any CPU
		{493F30D9-123F-4D17-8385-D74B048FEAB9}.Debug|Any CPU.Build.0 = Debug|Any CPU
		{493F30D9-123F-4D17-8385-D74B048FEAB9}.Release|Any CPU.ActiveCfg = Release|Any CPU
		{493F30D9-123F-4D17-8385-D74B048FEAB9}.Release|Any CPU.Build.0 = Release|Any CPU
		{2D10F15D-B804-4779-BD25-4772A567C7B9}.Debug|Any CPU.ActiveCfg = Debug|Any CPU
		{2D10F15D-B804-4779-BD25-4772A567C7B9}.Debug|Any CPU.Build.0 = Debug|Any CPU
		{2D10F15D-B804-4779-BD25-4772A567C7B9}.Release|Any CPU.ActiveCfg = Release|Any CPU
		{2D10F15D-B804-4779-BD25-4772A567C7B9}.Release|Any CPU.Build.0 = Release|Any CPU
		{2A990E2D-A7B0-4F76-9FB1-D318CBD42519}.Debug|Any CPU.ActiveCfg = Debug|Any CPU
		{2A990E2D-A7B0-4F76-9FB1-D318CBD42519}.Debug|Any CPU.Build.0 = Debug|Any CPU
		{2A990E2D-A7B0-4F76-9FB1-D318CBD42519}.Release|Any CPU.ActiveCfg = Release|Any CPU
		{2A990E2D-A7B0-4F76-9FB1-D318CBD42519}.Release|Any CPU.Build.0 = Release|Any CPU
		{D446C316-D6C4-44FE-81D3-0C1BD5B5BC49}.Debug|Any CPU.ActiveCfg = Debug|Any CPU
		{D446C316-D6C4-44FE-81D3-0C1BD5B5BC49}.Debug|Any CPU.Build.0 = Debug|Any CPU
		{D446C316-D6C4-44FE-81D3-0C1BD5B5BC49}.Release|Any CPU.ActiveCfg = Release|Any CPU
		{D446C316-D6C4-44FE-81D3-0C1BD5B5BC49}.Release|Any CPU.Build.0 = Release|Any CPU
		{DC2BBCC9-1317-4759-A92C-80C67345E6C6}.Debug|Any CPU.ActiveCfg = Debug|Any CPU
		{DC2BBCC9-1317-4759-A92C-80C67345E6C6}.Debug|Any CPU.Build.0 = Debug|Any CPU
		{DC2BBCC9-1317-4759-A92C-80C67345E6C6}.Release|Any CPU.ActiveCfg = Release|Any CPU
		{DC2BBCC9-1317-4759-A92C-80C67345E6C6}.Release|Any CPU.Build.0 = Release|Any CPU
		{D3220B52-01F5-4C5E-BF01-BC743A12B61C}.Debug|Any CPU.ActiveCfg = Debug|Any CPU
		{D3220B52-01F5-4C5E-BF01-BC743A12B61C}.Debug|Any CPU.Build.0 = Debug|Any CPU
		{D3220B52-01F5-4C5E-BF01-BC743A12B61C}.Release|Any CPU.ActiveCfg = Release|Any CPU
		{D3220B52-01F5-4C5E-BF01-BC743A12B61C}.Release|Any CPU.Build.0 = Release|Any CPU
		{C5E93344-3FD7-4FE3-B65D-B99C7A6EE46B}.Debug|Any CPU.ActiveCfg = Debug|Any CPU
		{C5E93344-3FD7-4FE3-B65D-B99C7A6EE46B}.Debug|Any CPU.Build.0 = Debug|Any CPU
		{C5E93344-3FD7-4FE3-B65D-B99C7A6EE46B}.Release|Any CPU.ActiveCfg = Release|Any CPU
		{C5E93344-3FD7-4FE3-B65D-B99C7A6EE46B}.Release|Any CPU.Build.0 = Release|Any CPU
		{28A04EA0-982F-4C07-A97F-40DF93408E18}.Debug|Any CPU.ActiveCfg = Debug|Any CPU
		{28A04EA0-982F-4C07-A97F-40DF93408E18}.Debug|Any CPU.Build.0 = Debug|Any CPU
		{28A04EA0-982F-4C07-A97F-40DF93408E18}.Release|Any CPU.ActiveCfg = Release|Any CPU
		{28A04EA0-982F-4C07-A97F-40DF93408E18}.Release|Any CPU.Build.0 = Release|Any CPU
		{103DD7B6-C07C-44A9-A68F-DF007556AFB6}.Debug|Any CPU.ActiveCfg = Debug|Any CPU
		{103DD7B6-C07C-44A9-A68F-DF007556AFB6}.Debug|Any CPU.Build.0 = Debug|Any CPU
		{103DD7B6-C07C-44A9-A68F-DF007556AFB6}.Release|Any CPU.ActiveCfg = Release|Any CPU
		{103DD7B6-C07C-44A9-A68F-DF007556AFB6}.Release|Any CPU.Build.0 = Release|Any CPU
		{744910BE-7225-4579-8101-FA41713A48D2}.Debug|Any CPU.ActiveCfg = Debug|Any CPU
		{744910BE-7225-4579-8101-FA41713A48D2}.Debug|Any CPU.Build.0 = Debug|Any CPU
		{744910BE-7225-4579-8101-FA41713A48D2}.Release|Any CPU.ActiveCfg = Release|Any CPU
		{744910BE-7225-4579-8101-FA41713A48D2}.Release|Any CPU.Build.0 = Release|Any CPU
		{CEA1D6B7-C676-421B-8B2E-79E899C01EE1}.Debug|Any CPU.ActiveCfg = Debug|Any CPU
		{CEA1D6B7-C676-421B-8B2E-79E899C01EE1}.Debug|Any CPU.Build.0 = Debug|Any CPU
		{CEA1D6B7-C676-421B-8B2E-79E899C01EE1}.Release|Any CPU.ActiveCfg = Release|Any CPU
		{CEA1D6B7-C676-421B-8B2E-79E899C01EE1}.Release|Any CPU.Build.0 = Release|Any CPU
		{AA714A53-2B64-4356-9999-4DBE82EEDCAB}.Debug|Any CPU.ActiveCfg = Debug|Any CPU
		{AA714A53-2B64-4356-9999-4DBE82EEDCAB}.Debug|Any CPU.Build.0 = Debug|Any CPU
		{AA714A53-2B64-4356-9999-4DBE82EEDCAB}.Release|Any CPU.ActiveCfg = Release|Any CPU
		{AA714A53-2B64-4356-9999-4DBE82EEDCAB}.Release|Any CPU.Build.0 = Release|Any CPU
		{C64C8DB9-049F-4C2F-AFAD-7A3CFEB23C12}.Debug|Any CPU.ActiveCfg = Debug|Any CPU
		{C64C8DB9-049F-4C2F-AFAD-7A3CFEB23C12}.Debug|Any CPU.Build.0 = Debug|Any CPU
		{C64C8DB9-049F-4C2F-AFAD-7A3CFEB23C12}.Release|Any CPU.ActiveCfg = Release|Any CPU
		{C64C8DB9-049F-4C2F-AFAD-7A3CFEB23C12}.Release|Any CPU.Build.0 = Release|Any CPU
		{8FF9E092-71F7-4EAB-B1B0-20A66CCD8E1F}.Debug|Any CPU.ActiveCfg = Debug|Any CPU
		{8FF9E092-71F7-4EAB-B1B0-20A66CCD8E1F}.Debug|Any CPU.Build.0 = Debug|Any CPU
		{8FF9E092-71F7-4EAB-B1B0-20A66CCD8E1F}.Release|Any CPU.ActiveCfg = Release|Any CPU
		{8FF9E092-71F7-4EAB-B1B0-20A66CCD8E1F}.Release|Any CPU.Build.0 = Release|Any CPU
		{C25A42C6-7A61-4454-B351-2874B72C9EF2}.Debug|Any CPU.ActiveCfg = Debug|Any CPU
		{C25A42C6-7A61-4454-B351-2874B72C9EF2}.Debug|Any CPU.Build.0 = Debug|Any CPU
		{C25A42C6-7A61-4454-B351-2874B72C9EF2}.Release|Any CPU.ActiveCfg = Release|Any CPU
		{C25A42C6-7A61-4454-B351-2874B72C9EF2}.Release|Any CPU.Build.0 = Release|Any CPU
	EndGlobalSection
	GlobalSection(SolutionProperties) = preSolution
		HideSolutionNode = FALSE
	EndGlobalSection
	GlobalSection(ExtensibilityGlobals) = postSolution
		SolutionGuid = {A4842411-9979-4A7C-82CA-C0BAADC6F793}
	EndGlobalSection
EndGlobal
